
Microsoft Visual Studio Solution File, Format Version 12.00
# Visual Studio Version 17
VisualStudioVersion = 17.9.34714.143
MinimumVisualStudioVersion = 10.0.40219.1
Project("{FAE04EC0-301F-11D3-BF4B-00C04F79EFBC}") = "PrinterConfigurationApp", "PrinterConfigurationApp.csproj", "{BC9895D1-2C42-4892-A99B-F99709DFE52E}"
EndProject
Global
	GlobalSection(SolutionConfigurationPlatforms) = preSolution
		Debug|Any CPU = Debug|Any CPU
		Release|Any CPU = Release|Any CPU
	EndGlobalSection
	GlobalSection(ProjectConfigurationPlatforms) = postSolution
		{BC9895D1-2C42-4892-A99B-F99709DFE52E}.Debug|Any CPU.ActiveCfg = Debug|Any CPU
		{BC9895D1-2C42-4892-A99B-F99709DFE52E}.Debug|Any CPU.Build.0 = Debug|Any CPU
		{BC9895D1-2C42-4892-A99B-F99709DFE52E}.Release|Any CPU.ActiveCfg = Release|Any CPU
		{BC9895D1-2C42-4892-A99B-F99709DFE52E}.Release|Any CPU.Build.0 = Release|Any CPU
	EndGlobalSection
	GlobalSection(SolutionProperties) = preSolution
		HideSolutionNode = FALSE
	EndGlobalSection
	GlobalSection(ExtensibilityGlobals) = postSolution
		SolutionGuid = {CD234394-8DD6-4848-AA58-E633FE0D3E67}
	EndGlobalSection
EndGlobal
